
Microsoft Visual Studio Solution File, Format Version 12.00
# Visual Studio Version 17
VisualStudioVersion = 17.13.35806.99 d17.13
MinimumVisualStudioVersion = 10.0.40219.1
Project("{FAE04EC0-301F-11D3-BF4B-00C04F79EFBC}") = "PhotoEditor(WPF)", "PhotoEditor(WPF).csproj", "{F13BE1EC-A9AD-4832-BC9F-F7C81F68E2B1}"
EndProject
Global
	GlobalSection(SolutionConfigurationPlatforms) = preSolution
		Debug|Any CPU = Debug|Any CPU
		Release|Any CPU = Release|Any CPU
	EndGlobalSection
	GlobalSection(ProjectConfigurationPlatforms) = postSolution
		{F13BE1EC-A9AD-4832-BC9F-F7C81F68E2B1}.Debug|Any CPU.ActiveCfg = Debug|Any CPU
		{F13BE1EC-A9AD-4832-BC9F-F7C81F68E2B1}.Debug|Any CPU.Build.0 = Debug|Any CPU
		{F13BE1EC-A9AD-4832-BC9F-F7C81F68E2B1}.Release|Any CPU.ActiveCfg = Release|Any CPU
		{F13BE1EC-A9AD-4832-BC9F-F7C81F68E2B1}.Release|Any CPU.Build.0 = Release|Any CPU
	EndGlobalSection
	GlobalSection(SolutionProperties) = preSolution
		HideSolutionNode = FALSE
	EndGlobalSection
	GlobalSection(ExtensibilityGlobals) = postSolution
		SolutionGuid = {6B9333D1-CAD9-4E46-A058-C9875813401A}
	EndGlobalSection
EndGlobal
