
Microsoft Visual Studio Solution File, Format Version 12.00
# Visual Studio Version 17
VisualStudioVersion = 17.14.35821.62 d17.14
MinimumVisualStudioVersion = 10.0.40219.1
Project("{FAE04EC0-301F-11D3-BF4B-00C04F79EFBC}") = "PhotoEditingLibrary", "PhotoEditingLibrary\PhotoEditingLibrary.csproj", "{17DF5B57-8F63-437E-8160-455002A68F6A}"
EndProject
Global
	GlobalSection(SolutionConfigurationPlatforms) = preSolution
		Debug|Any CPU = Debug|Any CPU
		Release|Any CPU = Release|Any CPU
	EndGlobalSection
	GlobalSection(ProjectConfigurationPlatforms) = postSolution
		{17DF5B57-8F63-437E-8160-455002A68F6A}.Debug|Any CPU.ActiveCfg = Debug|Any CPU
		{17DF5B57-8F63-437E-8160-455002A68F6A}.Debug|Any CPU.Build.0 = Debug|Any CPU
		{17DF5B57-8F63-437E-8160-455002A68F6A}.Release|Any CPU.ActiveCfg = Release|Any CPU
		{17DF5B57-8F63-437E-8160-455002A68F6A}.Release|Any CPU.Build.0 = Release|Any CPU
	EndGlobalSection
	GlobalSection(SolutionProperties) = preSolution
		HideSolutionNode = FALSE
	EndGlobalSection
	GlobalSection(ExtensibilityGlobals) = postSolution
		SolutionGuid = {5BB7F3E5-E7B9-410A-BC60-C1AB9FC2281B}
	EndGlobalSection
EndGlobal
